github.com/NicoNex/echotron/v3 v3.27.0 h1:iq4BLPO+Dz1JHjh2HPk0D0NldAZSYcAjaOicgYEhUzw=
github.com/NicoNex/echotron/v3 v3.27.0/go.mod h1:LpP5IyHw0y+DZUZMBgXEDAF9O8feXrQu7w7nlJzzoZI=
github.com/lib/pq v1.10.9 h1:YXG7RB+JIjhP29X+OtkiDnYaXQwpS4JEWq7dtCCRUEw=
github.com/lib/pq v1.10.9/go.mod h1:AlVN5x4E4T544tWzH6hKfbfQvm3HdbOxrmggDNAPY9o=
